
Microsoft Visual Studio Solution File, Format Version 12.00
# Visual Studio 15
VisualStudioVersion = 15.0.27130.2003
MinimumVisualStudioVersion = 10.0.40219.1
Project("{FAE04EC0-301F-11D3-BF4B-00C04F79EFBC}") = "A2ZPOS", "A2ZPOS\A2ZPOS.csproj", "{EFEA9B6A-A9CB-448F-9C7F-85B9D70FE308}"
EndProject
Global
	GlobalSection(SolutionConfigurationPlatforms) = preSolution
		Debug|Any CPU = Debug|Any CPU
		Release|Any CPU = Release|Any CPU
	EndGlobalSection
	GlobalSection(ProjectConfigurationPlatforms) = postSolution
		{EFEA9B6A-A9CB-448F-9C7F-85B9D70FE308}.Debug|Any CPU.ActiveCfg = Debug|Any CPU
		{EFEA9B6A-A9CB-448F-9C7F-85B9D70FE308}.Debug|Any CPU.Build.0 = Debug|Any CPU
		{EFEA9B6A-A9CB-448F-9C7F-85B9D70FE308}.Release|Any CPU.ActiveCfg = Release|Any CPU
		{EFEA9B6A-A9CB-448F-9C7F-85B9D70FE308}.Release|Any CPU.Build.0 = Release|Any CPU
	EndGlobalSection
	GlobalSection(SolutionProperties) = preSolution
		HideSolutionNode = FALSE
	EndGlobalSection
	GlobalSection(ExtensibilityGlobals) = postSolution
		SolutionGuid = {998BE13B-CCFE-4F22-9217-6E12BCD99610}
	EndGlobalSection
EndGlobal
